
Microsoft Visual Studio Solution File, Format Version 12.00
# Visual Studio Version 17
VisualStudioVersion = 17.9.34714.143
MinimumVisualStudioVersion = 10.0.40219.1
Project("{FAE04EC0-301F-11D3-BF4B-00C04F79EFBC}") = "LabCE.Android", "LabCE.Android\LabCE.Android.csproj", "{0EB8D416-7963-4FFE-B24E-C98FC5B7A0A9}"
EndProject
Project("{FAE04EC0-301F-11D3-BF4B-00C04F79EFBC}") = "LabCE.iOS", "LabCE.iOS\LabCE.iOS.csproj", "{09065BDD-CEB0-4689-9EF2-72873D66E78D}"
EndProject
Project("{FAE04EC0-301F-11D3-BF4B-00C04F79EFBC}") = "LabCE", "LabCE\LabCE.csproj", "{A9935E02-03A0-4CA4-A325-7D0A1F9B7BAB}"
EndProject
Global
	GlobalSection(SolutionConfigurationPlatforms) = preSolution
		Debug|Any CPU = Debug|Any CPU
		Debug|iPhone = Debug|iPhone
		Debug|iPhoneSimulator = Debug|iPhoneSimulator
		Release|Any CPU = Release|Any CPU
		Release|iPhone = Release|iPhone
		Release|iPhoneSimulator = Release|iPhoneSimulator
	EndGlobalSection
	GlobalSection(ProjectConfigurationPlatforms) = postSolution
		{0EB8D416-7963-4FFE-B24E-C98FC5B7A0A9}.Debug|Any CPU.ActiveCfg = Debug|Any CPU
		{0EB8D416-7963-4FFE-B24E-C98FC5B7A0A9}.Debug|Any CPU.Build.0 = Debug|Any CPU
		{0EB8D416-7963-4FFE-B24E-C98FC5B7A0A9}.Debug|Any CPU.Deploy.0 = Debug|Any CPU
		{0EB8D416-7963-4FFE-B24E-C98FC5B7A0A9}.Debug|iPhone.ActiveCfg = Debug|Any CPU
		{0EB8D416-7963-4FFE-B24E-C98FC5B7A0A9}.Debug|iPhone.Build.0 = Debug|Any CPU
		{0EB8D416-7963-4FFE-B24E-C98FC5B7A0A9}.Debug|iPhone.Deploy.0 = Debug|Any CPU
		{0EB8D416-7963-4FFE-B24E-C98FC5B7A0A9}.Debug|iPhoneSimulator.ActiveCfg = Debug|Any CPU
		{0EB8D416-7963-4FFE-B24E-C98FC5B7A0A9}.Debug|iPhoneSimulator.Build.0 = Debug|Any CPU
		{0EB8D416-7963-4FFE-B24E-C98FC5B7A0A9}.Debug|iPhoneSimulator.Deploy.0 = Debug|Any CPU
		{0EB8D416-7963-4FFE-B24E-C98FC5B7A0A9}.Release|Any CPU.ActiveCfg = Release|Any CPU
		{0EB8D416-7963-4FFE-B24E-C98FC5B7A0A9}.Release|Any CPU.Build.0 = Release|Any CPU
		{0EB8D416-7963-4FFE-B24E-C98FC5B7A0A9}.Release|Any CPU.Deploy.0 = Release|Any CPU
		{0EB8D416-7963-4FFE-B24E-C98FC5B7A0A9}.Release|iPhone.ActiveCfg = Release|Any CPU
		{0EB8D416-7963-4FFE-B24E-C98FC5B7A0A9}.Release|iPhone.Build.0 = Release|Any CPU
		{0EB8D416-7963-4FFE-B24E-C98FC5B7A0A9}.Release|iPhone.Deploy.0 = Release|Any CPU
		{0EB8D416-7963-4FFE-B24E-C98FC5B7A0A9}.Release|iPhoneSimulator.ActiveCfg = Release|Any CPU
		{0EB8D416-7963-4FFE-B24E-C98FC5B7A0A9}.Release|iPhoneSimulator.Build.0 = Release|Any CPU
		{0EB8D416-7963-4FFE-B24E-C98FC5B7A0A9}.Release|iPhoneSimulator.Deploy.0 = Release|Any CPU
		{09065BDD-CEB0-4689-9EF2-72873D66E78D}.Debug|Any CPU.ActiveCfg = Debug|iPhone
		{09065BDD-CEB0-4689-9EF2-72873D66E78D}.Debug|Any CPU.Build.0 = Debug|iPhone
		{09065BDD-CEB0-4689-9EF2-72873D66E78D}.Debug|Any CPU.Deploy.0 = Debug|iPhone
		{09065BDD-CEB0-4689-9EF2-72873D66E78D}.Debug|iPhone.ActiveCfg = Debug|iPhone
		{09065BDD-CEB0-4689-9EF2-72873D66E78D}.Debug|iPhone.Build.0 = Debug|iPhone
		{09065BDD-CEB0-4689-9EF2-72873D66E78D}.Debug|iPhone.Deploy.0 = Debug|iPhone
		{09065BDD-CEB0-4689-9EF2-72873D66E78D}.Debug|iPhoneSimulator.ActiveCfg = Debug|iPhoneSimulator
		{09065BDD-CEB0-4689-9EF2-72873D66E78D}.Debug|iPhoneSimulator.Build.0 = Debug|iPhoneSimulator
		{09065BDD-CEB0-4689-9EF2-72873D66E78D}.Debug|iPhoneSimulator.Deploy.0 = Debug|iPhoneSimulator
		{09065BDD-CEB0-4689-9EF2-72873D66E78D}.Release|Any CPU.ActiveCfg = Release|iPhoneSimulator
		{09065BDD-CEB0-4689-9EF2-72873D66E78D}.Release|Any CPU.Build.0 = Release|iPhoneSimulator
		{09065BDD-CEB0-4689-9EF2-72873D66E78D}.Release|Any CPU.Deploy.0 = Release|iPhoneSimulator
		{09065BDD-CEB0-4689-9EF2-72873D66E78D}.Release|iPhone.ActiveCfg = Release|iPhone
		{09065BDD-CEB0-4689-9EF2-72873D66E78D}.Release|iPhone.Build.0 = Release|iPhone
		{09065BDD-CEB0-4689-9EF2-72873D66E78D}.Release|iPhone.Deploy.0 = Release|iPhone
		{09065BDD-CEB0-4689-9EF2-72873D66E78D}.Release|iPhoneSimulator.ActiveCfg = Release|iPhoneSimulator
		{09065BDD-CEB0-4689-9EF2-72873D66E78D}.Release|iPhoneSimulator.Build.0 = Release|iPhoneSimulator
		{09065BDD-CEB0-4689-9EF2-72873D66E78D}.Release|iPhoneSimulator.Deploy.0 = Release|iPhoneSimulator
		{A9935E02-03A0-4CA4-A325-7D0A1F9B7BAB}.Debug|Any CPU.ActiveCfg = Debug|Any CPU
		{A9935E02-03A0-4CA4-A325-7D0A1F9B7BAB}.Debug|Any CPU.Build.0 = Debug|Any CPU
		{A9935E02-03A0-4CA4-A325-7D0A1F9B7BAB}.Debug|Any CPU.Deploy.0 = Debug|Any CPU
		{A9935E02-03A0-4CA4-A325-7D0A1F9B7BAB}.Debug|iPhone.ActiveCfg = Debug|Any CPU
		{A9935E02-03A0-4CA4-A325-7D0A1F9B7BAB}.Debug|iPhone.Build.0 = Debug|Any CPU
		{A9935E02-03A0-4CA4-A325-7D0A1F9B7BAB}.Debug|iPhone.Deploy.0 = Debug|Any CPU
		{A9935E02-03A0-4CA4-A325-7D0A1F9B7BAB}.Debug|iPhoneSimulator.ActiveCfg = Debug|Any CPU
		{A9935E02-03A0-4CA4-A325-7D0A1F9B7BAB}.Debug|iPhoneSimulator.Build.0 = Debug|Any CPU
		{A9935E02-03A0-4CA4-A325-7D0A1F9B7BAB}.Debug|iPhoneSimulator.Deploy.0 = Debug|Any CPU
		{A9935E02-03A0-4CA4-A325-7D0A1F9B7BAB}.Release|Any CPU.ActiveCfg = Release|Any CPU
		{A9935E02-03A0-4CA4-A325-7D0A1F9B7BAB}.Release|Any CPU.Build.0 = Release|Any CPU
		{A9935E02-03A0-4CA4-A325-7D0A1F9B7BAB}.Release|Any CPU.Deploy.0 = Release|Any CPU
		{A9935E02-03A0-4CA4-A325-7D0A1F9B7BAB}.Release|iPhone.ActiveCfg = Release|Any CPU
		{A9935E02-03A0-4CA4-A325-7D0A1F9B7BAB}.Release|iPhone.Build.0 = Release|Any CPU
		{A9935E02-03A0-4CA4-A325-7D0A1F9B7BAB}.Release|iPhone.Deploy.0 = Release|Any CPU
		{A9935E02-03A0-4CA4-A325-7D0A1F9B7BAB}.Release|iPhoneSimulator.ActiveCfg = Release|Any CPU
		{A9935E02-03A0-4CA4-A325-7D0A1F9B7BAB}.Release|iPhoneSimulator.Build.0 = Release|Any CPU
		{A9935E02-03A0-4CA4-A325-7D0A1F9B7BAB}.Release|iPhoneSimulator.Deploy.0 = Release|Any CPU
	EndGlobalSection
	GlobalSection(SolutionProperties) = preSolution
		HideSolutionNode = FALSE
	EndGlobalSection
	GlobalSection(ExtensibilityGlobals) = postSolution
		SolutionGuid = {DE765CC6-C313-45DB-B10B-30BCCB7AB98B}
	EndGlobalSection
EndGlobal
